
Microsoft Visual Studio Solution File, Format Version 12.00
# Visual Studio 15
VisualStudioVersion = 15.0.28307.489
MinimumVisualStudioVersion = 10.0.40219.1
Project("{FAE04EC0-301F-11D3-BF4B-00C04F79EFBC}") = "1", "1\1.csproj", "{8787D0A0-A7F0-4326-AC8C-3F7AEE908156}"
EndProject
Project("{FAE04EC0-301F-11D3-BF4B-00C04F79EFBC}") = "2", "2\2.csproj", "{DE63C268-761C-4FE2-B93C-80742C3C0253}"
EndProject
Project("{FAE04EC0-301F-11D3-BF4B-00C04F79EFBC}") = "3", "3\3.csproj", "{1F1A1413-302E-4225-ADF1-8795840F956D}"
EndProject
Global
	GlobalSection(SolutionConfigurationPlatforms) = preSolution
		Debug|Any CPU = Debug|Any CPU
		Release|Any CPU = Release|Any CPU
	EndGlobalSection
	GlobalSection(ProjectConfigurationPlatforms) = postSolution
		{8787D0A0-A7F0-4326-AC8C-3F7AEE908156}.Debug|Any CPU.ActiveCfg = Debug|Any CPU
		{8787D0A0-A7F0-4326-AC8C-3F7AEE908156}.Debug|Any CPU.Build.0 = Debug|Any CPU
		{8787D0A0-A7F0-4326-AC8C-3F7AEE908156}.Release|Any CPU.ActiveCfg = Release|Any CPU
		{8787D0A0-A7F0-4326-AC8C-3F7AEE908156}.Release|Any CPU.Build.0 = Release|Any CPU
		{DE63C268-761C-4FE2-B93C-80742C3C0253}.Debug|Any CPU.ActiveCfg = Debug|Any CPU
		{DE63C268-761C-4FE2-B93C-80742C3C0253}.Debug|Any CPU.Build.0 = Debug|Any CPU
		{DE63C268-761C-4FE2-B93C-80742C3C0253}.Release|Any CPU.ActiveCfg = Release|Any CPU
		{DE63C268-761C-4FE2-B93C-80742C3C0253}.Release|Any CPU.Build.0 = Release|Any CPU
		{1F1A1413-302E-4225-ADF1-8795840F956D}.Debug|Any CPU.ActiveCfg = Debug|Any CPU
		{1F1A1413-302E-4225-ADF1-8795840F956D}.Debug|Any CPU.Build.0 = Debug|Any CPU
		{1F1A1413-302E-4225-ADF1-8795840F956D}.Release|Any CPU.ActiveCfg = Release|Any CPU
		{1F1A1413-302E-4225-ADF1-8795840F956D}.Release|Any CPU.Build.0 = Release|Any CPU
	EndGlobalSection
	GlobalSection(SolutionProperties) = preSolution
		HideSolutionNode = FALSE
	EndGlobalSection
	GlobalSection(ExtensibilityGlobals) = postSolution
		SolutionGuid = {8BA25E42-DB5E-45E1-98DC-60C334DFCBB2}
	EndGlobalSection
EndGlobal
