
Microsoft Visual Studio Solution File, Format Version 12.00
# Visual Studio 15
VisualStudioVersion = 15.0.28307.489
MinimumVisualStudioVersion = 10.0.40219.1
Project("{FAE04EC0-301F-11D3-BF4B-00C04F79EFBC}") = "2", "2\2.csproj", "{F54153FB-4C6B-4AEA-95E8-E03063215DE1}"
EndProject
Project("{FAE04EC0-301F-11D3-BF4B-00C04F79EFBC}") = "3", "3\3.csproj", "{0174F5EF-3EB3-4D7E-B361-4CE18D7E2F3C}"
EndProject
Project("{FAE04EC0-301F-11D3-BF4B-00C04F79EFBC}") = "1", "1\1.csproj", "{31D9DE66-D106-4A33-B421-D49350FD4FAD}"
EndProject
Project("{FAE04EC0-301F-11D3-BF4B-00C04F79EFBC}") = "4", "4\4.csproj", "{9B6398FD-8420-4419-A5E0-16EA5CA67A0A}"
EndProject
Global
	GlobalSection(SolutionConfigurationPlatforms) = preSolution
		Debug|Any CPU = Debug|Any CPU
		Release|Any CPU = Release|Any CPU
	EndGlobalSection
	GlobalSection(ProjectConfigurationPlatforms) = postSolution
		{F54153FB-4C6B-4AEA-95E8-E03063215DE1}.Debug|Any CPU.ActiveCfg = Debug|Any CPU
		{F54153FB-4C6B-4AEA-95E8-E03063215DE1}.Debug|Any CPU.Build.0 = Debug|Any CPU
		{F54153FB-4C6B-4AEA-95E8-E03063215DE1}.Release|Any CPU.ActiveCfg = Release|Any CPU
		{F54153FB-4C6B-4AEA-95E8-E03063215DE1}.Release|Any CPU.Build.0 = Release|Any CPU
		{0174F5EF-3EB3-4D7E-B361-4CE18D7E2F3C}.Debug|Any CPU.ActiveCfg = Debug|Any CPU
		{0174F5EF-3EB3-4D7E-B361-4CE18D7E2F3C}.Debug|Any CPU.Build.0 = Debug|Any CPU
		{0174F5EF-3EB3-4D7E-B361-4CE18D7E2F3C}.Release|Any CPU.ActiveCfg = Release|Any CPU
		{0174F5EF-3EB3-4D7E-B361-4CE18D7E2F3C}.Release|Any CPU.Build.0 = Release|Any CPU
		{31D9DE66-D106-4A33-B421-D49350FD4FAD}.Debug|Any CPU.ActiveCfg = Debug|Any CPU
		{31D9DE66-D106-4A33-B421-D49350FD4FAD}.Debug|Any CPU.Build.0 = Debug|Any CPU
		{31D9DE66-D106-4A33-B421-D49350FD4FAD}.Release|Any CPU.ActiveCfg = Release|Any CPU
		{31D9DE66-D106-4A33-B421-D49350FD4FAD}.Release|Any CPU.Build.0 = Release|Any CPU
		{9B6398FD-8420-4419-A5E0-16EA5CA67A0A}.Debug|Any CPU.ActiveCfg = Debug|Any CPU
		{9B6398FD-8420-4419-A5E0-16EA5CA67A0A}.Debug|Any CPU.Build.0 = Debug|Any CPU
		{9B6398FD-8420-4419-A5E0-16EA5CA67A0A}.Release|Any CPU.ActiveCfg = Release|Any CPU
		{9B6398FD-8420-4419-A5E0-16EA5CA67A0A}.Release|Any CPU.Build.0 = Release|Any CPU
	EndGlobalSection
	GlobalSection(SolutionProperties) = preSolution
		HideSolutionNode = FALSE
	EndGlobalSection
	GlobalSection(ExtensibilityGlobals) = postSolution
		SolutionGuid = {B71AA731-AD77-4ACB-892E-B810497D16CD}
	EndGlobalSection
EndGlobal
