
Microsoft Visual Studio Solution File, Format Version 12.00
# Visual Studio 15
VisualStudioVersion = 15.0.28307.438
MinimumVisualStudioVersion = 10.0.40219.1
Project("{FAE04EC0-301F-11D3-BF4B-00C04F79EFBC}") = "2", "2\2.csproj", "{1D8D7621-296C-4D28-BF8F-5995BE4FC2AB}"
EndProject
Project("{FAE04EC0-301F-11D3-BF4B-00C04F79EFBC}") = "3", "3\3.csproj", "{DE9BDC9C-D20C-47DF-9430-3564C6E59BE4}"
EndProject
Project("{FAE04EC0-301F-11D3-BF4B-00C04F79EFBC}") = "1", "1\1.csproj", "{BA68491E-AAA4-4E1A-8CD4-F1F77CD27654}"
EndProject
Global
	GlobalSection(SolutionConfigurationPlatforms) = preSolution
		Debug|Any CPU = Debug|Any CPU
		Release|Any CPU = Release|Any CPU
	EndGlobalSection
	GlobalSection(ProjectConfigurationPlatforms) = postSolution
		{1D8D7621-296C-4D28-BF8F-5995BE4FC2AB}.Debug|Any CPU.ActiveCfg = Debug|Any CPU
		{1D8D7621-296C-4D28-BF8F-5995BE4FC2AB}.Debug|Any CPU.Build.0 = Debug|Any CPU
		{1D8D7621-296C-4D28-BF8F-5995BE4FC2AB}.Release|Any CPU.ActiveCfg = Release|Any CPU
		{1D8D7621-296C-4D28-BF8F-5995BE4FC2AB}.Release|Any CPU.Build.0 = Release|Any CPU
		{DE9BDC9C-D20C-47DF-9430-3564C6E59BE4}.Debug|Any CPU.ActiveCfg = Debug|Any CPU
		{DE9BDC9C-D20C-47DF-9430-3564C6E59BE4}.Debug|Any CPU.Build.0 = Debug|Any CPU
		{DE9BDC9C-D20C-47DF-9430-3564C6E59BE4}.Release|Any CPU.ActiveCfg = Release|Any CPU
		{DE9BDC9C-D20C-47DF-9430-3564C6E59BE4}.Release|Any CPU.Build.0 = Release|Any CPU
		{BA68491E-AAA4-4E1A-8CD4-F1F77CD27654}.Debug|Any CPU.ActiveCfg = Debug|Any CPU
		{BA68491E-AAA4-4E1A-8CD4-F1F77CD27654}.Debug|Any CPU.Build.0 = Debug|Any CPU
		{BA68491E-AAA4-4E1A-8CD4-F1F77CD27654}.Release|Any CPU.ActiveCfg = Release|Any CPU
		{BA68491E-AAA4-4E1A-8CD4-F1F77CD27654}.Release|Any CPU.Build.0 = Release|Any CPU
	EndGlobalSection
	GlobalSection(SolutionProperties) = preSolution
		HideSolutionNode = FALSE
	EndGlobalSection
	GlobalSection(ExtensibilityGlobals) = postSolution
		SolutionGuid = {1B0981FE-24A5-46EB-AC73-ABA900F9327C}
	EndGlobalSection
EndGlobal
