
Microsoft Visual Studio Solution File, Format Version 12.00
# Visual Studio 15
VisualStudioVersion = 15.0.28307.421
MinimumVisualStudioVersion = 10.0.40219.1
Project("{FAE04EC0-301F-11D3-BF4B-00C04F79EFBC}") = "1_BMI", "Lesson1\1_BMI.csproj", "{555B219E-6907-4F15-84DD-F9BA6A5C39B9}"
EndProject
Project("{FAE04EC0-301F-11D3-BF4B-00C04F79EFBC}") = "3_Replace", "3_Replace\3_Replace.csproj", "{4C0350B2-BBAE-441A-A99F-E840E990FF28}"
EndProject
Project("{FAE04EC0-301F-11D3-BF4B-00C04F79EFBC}") = "12_MAX", "12_MAX\12_MAX.csproj", "{F7D5BF85-695C-443A-8F6B-90B17DC3E0C7}"
EndProject
Project("{FAE04EC0-301F-11D3-BF4B-00C04F79EFBC}") = "14_Automorphic_num", "14_Automorphic_num\14_Automorphic_num.csproj", "{A26B0ADD-6549-4130-A45A-C6C92487E1CA}"
EndProject
Global
	GlobalSection(SolutionConfigurationPlatforms) = preSolution
		Debug|Any CPU = Debug|Any CPU
		Release|Any CPU = Release|Any CPU
	EndGlobalSection
	GlobalSection(ProjectConfigurationPlatforms) = postSolution
		{555B219E-6907-4F15-84DD-F9BA6A5C39B9}.Debug|Any CPU.ActiveCfg = Debug|Any CPU
		{555B219E-6907-4F15-84DD-F9BA6A5C39B9}.Debug|Any CPU.Build.0 = Debug|Any CPU
		{555B219E-6907-4F15-84DD-F9BA6A5C39B9}.Release|Any CPU.ActiveCfg = Release|Any CPU
		{555B219E-6907-4F15-84DD-F9BA6A5C39B9}.Release|Any CPU.Build.0 = Release|Any CPU
		{4C0350B2-BBAE-441A-A99F-E840E990FF28}.Debug|Any CPU.ActiveCfg = Debug|Any CPU
		{4C0350B2-BBAE-441A-A99F-E840E990FF28}.Debug|Any CPU.Build.0 = Debug|Any CPU
		{4C0350B2-BBAE-441A-A99F-E840E990FF28}.Release|Any CPU.ActiveCfg = Release|Any CPU
		{4C0350B2-BBAE-441A-A99F-E840E990FF28}.Release|Any CPU.Build.0 = Release|Any CPU
		{F7D5BF85-695C-443A-8F6B-90B17DC3E0C7}.Debug|Any CPU.ActiveCfg = Debug|Any CPU
		{F7D5BF85-695C-443A-8F6B-90B17DC3E0C7}.Debug|Any CPU.Build.0 = Debug|Any CPU
		{F7D5BF85-695C-443A-8F6B-90B17DC3E0C7}.Release|Any CPU.ActiveCfg = Release|Any CPU
		{F7D5BF85-695C-443A-8F6B-90B17DC3E0C7}.Release|Any CPU.Build.0 = Release|Any CPU
		{A26B0ADD-6549-4130-A45A-C6C92487E1CA}.Debug|Any CPU.ActiveCfg = Debug|Any CPU
		{A26B0ADD-6549-4130-A45A-C6C92487E1CA}.Debug|Any CPU.Build.0 = Debug|Any CPU
		{A26B0ADD-6549-4130-A45A-C6C92487E1CA}.Release|Any CPU.ActiveCfg = Release|Any CPU
		{A26B0ADD-6549-4130-A45A-C6C92487E1CA}.Release|Any CPU.Build.0 = Release|Any CPU
	EndGlobalSection
	GlobalSection(SolutionProperties) = preSolution
		HideSolutionNode = FALSE
	EndGlobalSection
	GlobalSection(ExtensibilityGlobals) = postSolution
		SolutionGuid = {F355CA11-06F2-4846-83DD-EDC0688997F1}
	EndGlobalSection
EndGlobal
